
Microsoft Visual Studio Solution File, Format Version 12.00
# Visual Studio Version 17
VisualStudioVersion = 17.0.31903.59
MinimumVisualStudioVersion = 10.0.40219.1
Project("{2150E333-8FDC-42A3-9474-1A3956D46DE8}") = "src", "src", "{827E0CD3-B72D-47B6-A68D-7590B98EB39B}"
EndProject
Project("{FAE04EC0-301F-11D3-BF4B-00C04F79EFBC}") = "Wms.AppHost", "src\Wms.AppHost\Wms.AppHost.csproj", "{EE8AD1C7-7218-47E7-ADFA-28B50EFBEBC7}"
EndProject
Project("{FAE04EC0-301F-11D3-BF4B-00C04F79EFBC}") = "Wms.ServiceDefaults", "src\Wms.ServiceDefaults\Wms.ServiceDefaults.csproj", "{1DCE9B43-982F-4468-9D0C-056FB6CCAD60}"
EndProject
Project("{FAE04EC0-301F-11D3-BF4B-00C04F79EFBC}") = "Shared.Contracts", "src\Shared.Contracts\Shared.Contracts.csproj", "{C49D510C-6D8A-435C-BDC2-9A582F1FEF11}"
EndProject
Project("{FAE04EC0-301F-11D3-BF4B-00C04F79EFBC}") = "Auth.Service", "src\Auth.Service\Auth.Service.csproj", "{1795050B-A2C3-49FE-B4C4-EF02F0B6DF6C}"
EndProject
Project("{FAE04EC0-301F-11D3-BF4B-00C04F79EFBC}") = "Gateway.Yarp", "src\Gateway.Yarp\Gateway.Yarp.csproj", "{43399E39-7714-41B1-801A-D63AAD78BE4F}"
EndProject
Project("{FAE04EC0-301F-11D3-BF4B-00C04F79EFBC}") = "Ops.Bff", "src\Ops.Bff\Ops.Bff.csproj", "{54FC151C-A6F9-493A-8FA6-1F43AB422CAB}"
EndProject
Project("{FAE04EC0-301F-11D3-BF4B-00C04F79EFBC}") = "Wms.DomainService", "src\Wms.DomainService\Wms.DomainService.csproj", "{1EF8843C-49D1-4964-B343-E0921A079ED8}"
EndProject
Project("{FAE04EC0-301F-11D3-BF4B-00C04F79EFBC}") = "Agent.Runtime", "src\Agent.Runtime\Agent.Runtime.csproj", "{D3AB739B-720A-4E1A-9284-ACE3672AF3F3}"
EndProject
Project("{2150E333-8FDC-42A3-9474-1A3956D46DE8}") = "tests", "tests", "{0AB3BF05-4346-4AA6-1389-037BE0695223}"
EndProject
Project("{FAE04EC0-301F-11D3-BF4B-00C04F79EFBC}") = "Wms.DomainService.UnitTests", "tests\Wms.DomainService.UnitTests\Wms.DomainService.UnitTests.csproj", "{DF1B7DFA-AD91-40F9-A3E4-59EAB437B596}"
EndProject
Project("{FAE04EC0-301F-11D3-BF4B-00C04F79EFBC}") = "Wms.DomainService.IntegrationTests", "tests\Wms.DomainService.IntegrationTests\Wms.DomainService.IntegrationTests.csproj", "{DE471CC0-9F51-4264-8DF2-886910B35197}"
EndProject
Project("{FAE04EC0-301F-11D3-BF4B-00C04F79EFBC}") = "Agent.Runtime.Tests", "tests\Agent.Runtime.Tests\Agent.Runtime.Tests.csproj", "{177D88D1-6214-4F4B-944F-1174E46A1674}"
EndProject
Project("{FAE04EC0-301F-11D3-BF4B-00C04F79EFBC}") = "Auth.Service.Tests", "tests\Auth.Service.Tests\Auth.Service.Tests.csproj", "{2432ED79-EA04-4BFC-8F13-59BF9DC10414}"
EndProject
Project("{FAE04EC0-301F-11D3-BF4B-00C04F79EFBC}") = "Ops.Bff.Tests", "tests\Ops.Bff.Tests\Ops.Bff.Tests.csproj", "{FF958CC3-A995-477F-B4DC-8176624CB8CB}"
EndProject
Project("{FAE04EC0-301F-11D3-BF4B-00C04F79EFBC}") = "Architecture.Tests", "tests\Architecture.Tests\Architecture.Tests.csproj", "{1DE895ED-A1A0-489A-B955-2173D6616159}"
EndProject
Global
	GlobalSection(SolutionConfigurationPlatforms) = preSolution
		Debug|Any CPU = Debug|Any CPU
		Debug|x64 = Debug|x64
		Debug|x86 = Debug|x86
		Release|Any CPU = Release|Any CPU
		Release|x64 = Release|x64
		Release|x86 = Release|x86
	EndGlobalSection
	GlobalSection(ProjectConfigurationPlatforms) = postSolution
		{EE8AD1C7-7218-47E7-ADFA-28B50EFBEBC7}.Debug|Any CPU.ActiveCfg = Debug|Any CPU
		{EE8AD1C7-7218-47E7-ADFA-28B50EFBEBC7}.Debug|Any CPU.Build.0 = Debug|Any CPU
		{EE8AD1C7-7218-47E7-ADFA-28B50EFBEBC7}.Debug|x64.ActiveCfg = Debug|Any CPU
		{EE8AD1C7-7218-47E7-ADFA-28B50EFBEBC7}.Debug|x64.Build.0 = Debug|Any CPU
		{EE8AD1C7-7218-47E7-ADFA-28B50EFBEBC7}.Debug|x86.ActiveCfg = Debug|Any CPU
		{EE8AD1C7-7218-47E7-ADFA-28B50EFBEBC7}.Debug|x86.Build.0 = Debug|Any CPU
		{EE8AD1C7-7218-47E7-ADFA-28B50EFBEBC7}.Release|Any CPU.ActiveCfg = Release|Any CPU
		{EE8AD1C7-7218-47E7-ADFA-28B50EFBEBC7}.Release|Any CPU.Build.0 = Release|Any CPU
		{EE8AD1C7-7218-47E7-ADFA-28B50EFBEBC7}.Release|x64.ActiveCfg = Release|Any CPU
		{EE8AD1C7-7218-47E7-ADFA-28B50EFBEBC7}.Release|x64.Build.0 = Release|Any CPU
		{EE8AD1C7-7218-47E7-ADFA-28B50EFBEBC7}.Release|x86.ActiveCfg = Release|Any CPU
		{EE8AD1C7-7218-47E7-ADFA-28B50EFBEBC7}.Release|x86.Build.0 = Release|Any CPU
		{1DCE9B43-982F-4468-9D0C-056FB6CCAD60}.Debug|Any CPU.ActiveCfg = Debug|Any CPU
		{1DCE9B43-982F-4468-9D0C-056FB6CCAD60}.Debug|Any CPU.Build.0 = Debug|Any CPU
		{1DCE9B43-982F-4468-9D0C-056FB6CCAD60}.Debug|x64.ActiveCfg = Debug|Any CPU
		{1DCE9B43-982F-4468-9D0C-056FB6CCAD60}.Debug|x64.Build.0 = Debug|Any CPU
		{1DCE9B43-982F-4468-9D0C-056FB6CCAD60}.Debug|x86.ActiveCfg = Debug|Any CPU
		{1DCE9B43-982F-4468-9D0C-056FB6CCAD60}.Debug|x86.Build.0 = Debug|Any CPU
		{1DCE9B43-982F-4468-9D0C-056FB6CCAD60}.Release|Any CPU.ActiveCfg = Release|Any CPU
		{1DCE9B43-982F-4468-9D0C-056FB6CCAD60}.Release|Any CPU.Build.0 = Release|Any CPU
		{1DCE9B43-982F-4468-9D0C-056FB6CCAD60}.Release|x64.ActiveCfg = Release|Any CPU
		{1DCE9B43-982F-4468-9D0C-056FB6CCAD60}.Release|x64.Build.0 = Release|Any CPU
		{1DCE9B43-982F-4468-9D0C-056FB6CCAD60}.Release|x86.ActiveCfg = Release|Any CPU
		{1DCE9B43-982F-4468-9D0C-056FB6CCAD60}.Release|x86.Build.0 = Release|Any CPU
		{C49D510C-6D8A-435C-BDC2-9A582F1FEF11}.Debug|Any CPU.ActiveCfg = Debug|Any CPU
		{C49D510C-6D8A-435C-BDC2-9A582F1FEF11}.Debug|Any CPU.Build.0 = Debug|Any CPU
		{C49D510C-6D8A-435C-BDC2-9A582F1FEF11}.Debug|x64.ActiveCfg = Debug|Any CPU
		{C49D510C-6D8A-435C-BDC2-9A582F1FEF11}.Debug|x64.Build.0 = Debug|Any CPU
		{C49D510C-6D8A-435C-BDC2-9A582F1FEF11}.Debug|x86.ActiveCfg = Debug|Any CPU
		{C49D510C-6D8A-435C-BDC2-9A582F1FEF11}.Debug|x86.Build.0 = Debug|Any CPU
		{C49D510C-6D8A-435C-BDC2-9A582F1FEF11}.Release|Any CPU.ActiveCfg = Release|Any CPU
		{C49D510C-6D8A-435C-BDC2-9A582F1FEF11}.Release|Any CPU.Build.0 = Release|Any CPU
		{C49D510C-6D8A-435C-BDC2-9A582F1FEF11}.Release|x64.ActiveCfg = Release|Any CPU
		{C49D510C-6D8A-435C-BDC2-9A582F1FEF11}.Release|x64.Build.0 = Release|Any CPU
		{C49D510C-6D8A-435C-BDC2-9A582F1FEF11}.Release|x86.ActiveCfg = Release|Any CPU
		{C49D510C-6D8A-435C-BDC2-9A582F1FEF11}.Release|x86.Build.0 = Release|Any CPU
		{1795050B-A2C3-49FE-B4C4-EF02F0B6DF6C}.Debug|Any CPU.ActiveCfg = Debug|Any CPU
		{1795050B-A2C3-49FE-B4C4-EF02F0B6DF6C}.Debug|Any CPU.Build.0 = Debug|Any CPU
		{1795050B-A2C3-49FE-B4C4-EF02F0B6DF6C}.Debug|x64.ActiveCfg = Debug|Any CPU
		{1795050B-A2C3-49FE-B4C4-EF02F0B6DF6C}.Debug|x64.Build.0 = Debug|Any CPU
		{1795050B-A2C3-49FE-B4C4-EF02F0B6DF6C}.Debug|x86.ActiveCfg = Debug|Any CPU
		{1795050B-A2C3-49FE-B4C4-EF02F0B6DF6C}.Debug|x86.Build.0 = Debug|Any CPU
		{1795050B-A2C3-49FE-B4C4-EF02F0B6DF6C}.Release|Any CPU.ActiveCfg = Release|Any CPU
		{1795050B-A2C3-49FE-B4C4-EF02F0B6DF6C}.Release|Any CPU.Build.0 = Release|Any CPU
		{1795050B-A2C3-49FE-B4C4-EF02F0B6DF6C}.Release|x64.ActiveCfg = Release|Any CPU
		{1795050B-A2C3-49FE-B4C4-EF02F0B6DF6C}.Release|x64.Build.0 = Release|Any CPU
		{1795050B-A2C3-49FE-B4C4-EF02F0B6DF6C}.Release|x86.ActiveCfg = Release|Any CPU
		{1795050B-A2C3-49FE-B4C4-EF02F0B6DF6C}.Release|x86.Build.0 = Release|Any CPU
		{43399E39-7714-41B1-801A-D63AAD78BE4F}.Debug|Any CPU.ActiveCfg = Debug|Any CPU
		{43399E39-7714-41B1-801A-D63AAD78BE4F}.Debug|Any CPU.Build.0 = Debug|Any CPU
		{43399E39-7714-41B1-801A-D63AAD78BE4F}.Debug|x64.ActiveCfg = Debug|Any CPU
		{43399E39-7714-41B1-801A-D63AAD78BE4F}.Debug|x64.Build.0 = Debug|Any CPU
		{43399E39-7714-41B1-801A-D63AAD78BE4F}.Debug|x86.ActiveCfg = Debug|Any CPU
		{43399E39-7714-41B1-801A-D63AAD78BE4F}.Debug|x86.Build.0 = Debug|Any CPU
		{43399E39-7714-41B1-801A-D63AAD78BE4F}.Release|Any CPU.ActiveCfg = Release|Any CPU
		{43399E39-7714-41B1-801A-D63AAD78BE4F}.Release|Any CPU.Build.0 = Release|Any CPU
		{43399E39-7714-41B1-801A-D63AAD78BE4F}.Release|x64.ActiveCfg = Release|Any CPU
		{43399E39-7714-41B1-801A-D63AAD78BE4F}.Release|x64.Build.0 = Release|Any CPU
		{43399E39-7714-41B1-801A-D63AAD78BE4F}.Release|x86.ActiveCfg = Release|Any CPU
		{43399E39-7714-41B1-801A-D63AAD78BE4F}.Release|x86.Build.0 = Release|Any CPU
		{54FC151C-A6F9-493A-8FA6-1F43AB422CAB}.Debug|Any CPU.ActiveCfg = Debug|Any CPU
		{54FC151C-A6F9-493A-8FA6-1F43AB422CAB}.Debug|Any CPU.Build.0 = Debug|Any CPU
		{54FC151C-A6F9-493A-8FA6-1F43AB422CAB}.Debug|x64.ActiveCfg = Debug|Any CPU
		{54FC151C-A6F9-493A-8FA6-1F43AB422CAB}.Debug|x64.Build.0 = Debug|Any CPU
		{54FC151C-A6F9-493A-8FA6-1F43AB422CAB}.Debug|x86.ActiveCfg = Debug|Any CPU
		{54FC151C-A6F9-493A-8FA6-1F43AB422CAB}.Debug|x86.Build.0 = Debug|Any CPU
		{54FC151C-A6F9-493A-8FA6-1F43AB422CAB}.Release|Any CPU.ActiveCfg = Release|Any CPU
		{54FC151C-A6F9-493A-8FA6-1F43AB422CAB}.Release|Any CPU.Build.0 = Release|Any CPU
		{54FC151C-A6F9-493A-8FA6-1F43AB422CAB}.Release|x64.ActiveCfg = Release|Any CPU
		{54FC151C-A6F9-493A-8FA6-1F43AB422CAB}.Release|x64.Build.0 = Release|Any CPU
		{54FC151C-A6F9-493A-8FA6-1F43AB422CAB}.Release|x86.ActiveCfg = Release|Any CPU
		{54FC151C-A6F9-493A-8FA6-1F43AB422CAB}.Release|x86.Build.0 = Release|Any CPU
		{1EF8843C-49D1-4964-B343-E0921A079ED8}.Debug|Any CPU.ActiveCfg = Debug|Any CPU
		{1EF8843C-49D1-4964-B343-E0921A079ED8}.Debug|Any CPU.Build.0 = Debug|Any CPU
		{1EF8843C-49D1-4964-B343-E0921A079ED8}.Debug|x64.ActiveCfg = Debug|Any CPU
		{1EF8843C-49D1-4964-B343-E0921A079ED8}.Debug|x64.Build.0 = Debug|Any CPU
		{1EF8843C-49D1-4964-B343-E0921A079ED8}.Debug|x86.ActiveCfg = Debug|Any CPU
		{1EF8843C-49D1-4964-B343-E0921A079ED8}.Debug|x86.Build.0 = Debug|Any CPU
		{1EF8843C-49D1-4964-B343-E0921A079ED8}.Release|Any CPU.ActiveCfg = Release|Any CPU
		{1EF8843C-49D1-4964-B343-E0921A079ED8}.Release|Any CPU.Build.0 = Release|Any CPU
		{1EF8843C-49D1-4964-B343-E0921A079ED8}.Release|x64.ActiveCfg = Release|Any CPU
		{1EF8843C-49D1-4964-B343-E0921A079ED8}.Release|x64.Build.0 = Release|Any CPU
		{1EF8843C-49D1-4964-B343-E0921A079ED8}.Release|x86.ActiveCfg = Release|Any CPU
		{1EF8843C-49D1-4964-B343-E0921A079ED8}.Release|x86.Build.0 = Release|Any CPU
		{D3AB739B-720A-4E1A-9284-ACE3672AF3F3}.Debug|Any CPU.ActiveCfg = Debug|Any CPU
		{D3AB739B-720A-4E1A-9284-ACE3672AF3F3}.Debug|Any CPU.Build.0 = Debug|Any CPU
		{D3AB739B-720A-4E1A-9284-ACE3672AF3F3}.Debug|x64.ActiveCfg = Debug|Any CPU
		{D3AB739B-720A-4E1A-9284-ACE3672AF3F3}.Debug|x64.Build.0 = Debug|Any CPU
		{D3AB739B-720A-4E1A-9284-ACE3672AF3F3}.Debug|x86.ActiveCfg = Debug|Any CPU
		{D3AB739B-720A-4E1A-9284-ACE3672AF3F3}.Debug|x86.Build.0 = Debug|Any CPU
		{D3AB739B-720A-4E1A-9284-ACE3672AF3F3}.Release|Any CPU.ActiveCfg = Release|Any CPU
		{D3AB739B-720A-4E1A-9284-ACE3672AF3F3}.Release|Any CPU.Build.0 = Release|Any CPU
		{D3AB739B-720A-4E1A-9284-ACE3672AF3F3}.Release|x64.ActiveCfg = Release|Any CPU
		{D3AB739B-720A-4E1A-9284-ACE3672AF3F3}.Release|x64.Build.0 = Release|Any CPU
		{D3AB739B-720A-4E1A-9284-ACE3672AF3F3}.Release|x86.ActiveCfg = Release|Any CPU
		{D3AB739B-720A-4E1A-9284-ACE3672AF3F3}.Release|x86.Build.0 = Release|Any CPU
		{DF1B7DFA-AD91-40F9-A3E4-59EAB437B596}.Debug|Any CPU.ActiveCfg = Debug|Any CPU
		{DF1B7DFA-AD91-40F9-A3E4-59EAB437B596}.Debug|Any CPU.Build.0 = Debug|Any CPU
		{DF1B7DFA-AD91-40F9-A3E4-59EAB437B596}.Debug|x64.ActiveCfg = Debug|Any CPU
		{DF1B7DFA-AD91-40F9-A3E4-59EAB437B596}.Debug|x64.Build.0 = Debug|Any CPU
		{DF1B7DFA-AD91-40F9-A3E4-59EAB437B596}.Debug|x86.ActiveCfg = Debug|Any CPU
		{DF1B7DFA-AD91-40F9-A3E4-59EAB437B596}.Debug|x86.Build.0 = Debug|Any CPU
		{DF1B7DFA-AD91-40F9-A3E4-59EAB437B596}.Release|Any CPU.ActiveCfg = Release|Any CPU
		{DF1B7DFA-AD91-40F9-A3E4-59EAB437B596}.Release|Any CPU.Build.0 = Release|Any CPU
		{DF1B7DFA-AD91-40F9-A3E4-59EAB437B596}.Release|x64.ActiveCfg = Release|Any CPU
		{DF1B7DFA-AD91-40F9-A3E4-59EAB437B596}.Release|x64.Build.0 = Release|Any CPU
		{DF1B7DFA-AD91-40F9-A3E4-59EAB437B596}.Release|x86.ActiveCfg = Release|Any CPU
		{DF1B7DFA-AD91-40F9-A3E4-59EAB437B596}.Release|x86.Build.0 = Release|Any CPU
		{DE471CC0-9F51-4264-8DF2-886910B35197}.Debug|Any CPU.ActiveCfg = Debug|Any CPU
		{DE471CC0-9F51-4264-8DF2-886910B35197}.Debug|Any CPU.Build.0 = Debug|Any CPU
		{DE471CC0-9F51-4264-8DF2-886910B35197}.Debug|x64.ActiveCfg = Debug|Any CPU
		{DE471CC0-9F51-4264-8DF2-886910B35197}.Debug|x64.Build.0 = Debug|Any CPU
		{DE471CC0-9F51-4264-8DF2-886910B35197}.Debug|x86.ActiveCfg = Debug|Any CPU
		{DE471CC0-9F51-4264-8DF2-886910B35197}.Debug|x86.Build.0 = Debug|Any CPU
		{DE471CC0-9F51-4264-8DF2-886910B35197}.Release|Any CPU.ActiveCfg = Release|Any CPU
		{DE471CC0-9F51-4264-8DF2-886910B35197}.Release|Any CPU.Build.0 = Release|Any CPU
		{DE471CC0-9F51-4264-8DF2-886910B35197}.Release|x64.ActiveCfg = Release|Any CPU
		{DE471CC0-9F51-4264-8DF2-886910B35197}.Release|x64.Build.0 = Release|Any CPU
		{DE471CC0-9F51-4264-8DF2-886910B35197}.Release|x86.ActiveCfg = Release|Any CPU
		{DE471CC0-9F51-4264-8DF2-886910B35197}.Release|x86.Build.0 = Release|Any CPU
		{177D88D1-6214-4F4B-944F-1174E46A1674}.Debug|Any CPU.ActiveCfg = Debug|Any CPU
		{177D88D1-6214-4F4B-944F-1174E46A1674}.Debug|Any CPU.Build.0 = Debug|Any CPU
		{177D88D1-6214-4F4B-944F-1174E46A1674}.Debug|x64.ActiveCfg = Debug|Any CPU
		{177D88D1-6214-4F4B-944F-1174E46A1674}.Debug|x64.Build.0 = Debug|Any CPU
		{177D88D1-6214-4F4B-944F-1174E46A1674}.Debug|x86.ActiveCfg = Debug|Any CPU
		{177D88D1-6214-4F4B-944F-1174E46A1674}.Debug|x86.Build.0 = Debug|Any CPU
		{177D88D1-6214-4F4B-944F-1174E46A1674}.Release|Any CPU.ActiveCfg = Release|Any CPU
		{177D88D1-6214-4F4B-944F-1174E46A1674}.Release|Any CPU.Build.0 = Release|Any CPU
		{177D88D1-6214-4F4B-944F-1174E46A1674}.Release|x64.ActiveCfg = Release|Any CPU
		{177D88D1-6214-4F4B-944F-1174E46A1674}.Release|x64.Build.0 = Release|Any CPU
		{177D88D1-6214-4F4B-944F-1174E46A1674}.Release|x86.ActiveCfg = Release|Any CPU
		{177D88D1-6214-4F4B-944F-1174E46A1674}.Release|x86.Build.0 = Release|Any CPU
		{2432ED79-EA04-4BFC-8F13-59BF9DC10414}.Debug|Any CPU.ActiveCfg = Debug|Any CPU
		{2432ED79-EA04-4BFC-8F13-59BF9DC10414}.Debug|Any CPU.Build.0 = Debug|Any CPU
		{2432ED79-EA04-4BFC-8F13-59BF9DC10414}.Debug|x64.ActiveCfg = Debug|Any CPU
		{2432ED79-EA04-4BFC-8F13-59BF9DC10414}.Debug|x64.Build.0 = Debug|Any CPU
		{2432ED79-EA04-4BFC-8F13-59BF9DC10414}.Debug|x86.ActiveCfg = Debug|Any CPU
		{2432ED79-EA04-4BFC-8F13-59BF9DC10414}.Debug|x86.Build.0 = Debug|Any CPU
		{2432ED79-EA04-4BFC-8F13-59BF9DC10414}.Release|Any CPU.ActiveCfg = Release|Any CPU
		{2432ED79-EA04-4BFC-8F13-59BF9DC10414}.Release|Any CPU.Build.0 = Release|Any CPU
		{2432ED79-EA04-4BFC-8F13-59BF9DC10414}.Release|x64.ActiveCfg = Release|Any CPU
		{2432ED79-EA04-4BFC-8F13-59BF9DC10414}.Release|x64.Build.0 = Release|Any CPU
		{2432ED79-EA04-4BFC-8F13-59BF9DC10414}.Release|x86.ActiveCfg = Release|Any CPU
		{2432ED79-EA04-4BFC-8F13-59BF9DC10414}.Release|x86.Build.0 = Release|Any CPU
		{FF958CC3-A995-477F-B4DC-8176624CB8CB}.Debug|Any CPU.ActiveCfg = Debug|Any CPU
		{FF958CC3-A995-477F-B4DC-8176624CB8CB}.Debug|Any CPU.Build.0 = Debug|Any CPU
		{FF958CC3-A995-477F-B4DC-8176624CB8CB}.Debug|x64.ActiveCfg = Debug|Any CPU
		{FF958CC3-A995-477F-B4DC-8176624CB8CB}.Debug|x64.Build.0 = Debug|Any CPU
		{FF958CC3-A995-477F-B4DC-8176624CB8CB}.Debug|x86.ActiveCfg = Debug|Any CPU
		{FF958CC3-A995-477F-B4DC-8176624CB8CB}.Debug|x86.Build.0 = Debug|Any CPU
		{FF958CC3-A995-477F-B4DC-8176624CB8CB}.Release|Any CPU.ActiveCfg = Release|Any CPU
		{FF958CC3-A995-477F-B4DC-8176624CB8CB}.Release|Any CPU.Build.0 = Release|Any CPU
		{FF958CC3-A995-477F-B4DC-8176624CB8CB}.Release|x64.ActiveCfg = Release|Any CPU
		{FF958CC3-A995-477F-B4DC-8176624CB8CB}.Release|x64.Build.0 = Release|Any CPU
		{FF958CC3-A995-477F-B4DC-8176624CB8CB}.Release|x86.ActiveCfg = Release|Any CPU
		{FF958CC3-A995-477F-B4DC-8176624CB8CB}.Release|x86.Build.0 = Release|Any CPU
		{1DE895ED-A1A0-489A-B955-2173D6616159}.Debug|Any CPU.ActiveCfg = Debug|Any CPU
		{1DE895ED-A1A0-489A-B955-2173D6616159}.Debug|Any CPU.Build.0 = Debug|Any CPU
		{1DE895ED-A1A0-489A-B955-2173D6616159}.Debug|x64.ActiveCfg = Debug|Any CPU
		{1DE895ED-A1A0-489A-B955-2173D6616159}.Debug|x64.Build.0 = Debug|Any CPU
		{1DE895ED-A1A0-489A-B955-2173D6616159}.Debug|x86.ActiveCfg = Debug|Any CPU
		{1DE895ED-A1A0-489A-B955-2173D6616159}.Debug|x86.Build.0 = Debug|Any CPU
		{1DE895ED-A1A0-489A-B955-2173D6616159}.Release|Any CPU.ActiveCfg = Release|Any CPU
		{1DE895ED-A1A0-489A-B955-2173D6616159}.Release|Any CPU.Build.0 = Release|Any CPU
		{1DE895ED-A1A0-489A-B955-2173D6616159}.Release|x64.ActiveCfg = Release|Any CPU
		{1DE895ED-A1A0-489A-B955-2173D6616159}.Release|x64.Build.0 = Release|Any CPU
		{1DE895ED-A1A0-489A-B955-2173D6616159}.Release|x86.ActiveCfg = Release|Any CPU
		{1DE895ED-A1A0-489A-B955-2173D6616159}.Release|x86.Build.0 = Release|Any CPU
	EndGlobalSection
	GlobalSection(SolutionProperties) = preSolution
		HideSolutionNode = FALSE
	EndGlobalSection
	GlobalSection(NestedProjects) = preSolution
		{EE8AD1C7-7218-47E7-ADFA-28B50EFBEBC7} = {827E0CD3-B72D-47B6-A68D-7590B98EB39B}
		{1DCE9B43-982F-4468-9D0C-056FB6CCAD60} = {827E0CD3-B72D-47B6-A68D-7590B98EB39B}
		{C49D510C-6D8A-435C-BDC2-9A582F1FEF11} = {827E0CD3-B72D-47B6-A68D-7590B98EB39B}
		{1795050B-A2C3-49FE-B4C4-EF02F0B6DF6C} = {827E0CD3-B72D-47B6-A68D-7590B98EB39B}
		{43399E39-7714-41B1-801A-D63AAD78BE4F} = {827E0CD3-B72D-47B6-A68D-7590B98EB39B}
		{54FC151C-A6F9-493A-8FA6-1F43AB422CAB} = {827E0CD3-B72D-47B6-A68D-7590B98EB39B}
		{1EF8843C-49D1-4964-B343-E0921A079ED8} = {827E0CD3-B72D-47B6-A68D-7590B98EB39B}
		{D3AB739B-720A-4E1A-9284-ACE3672AF3F3} = {827E0CD3-B72D-47B6-A68D-7590B98EB39B}
		{DF1B7DFA-AD91-40F9-A3E4-59EAB437B596} = {0AB3BF05-4346-4AA6-1389-037BE0695223}
		{DE471CC0-9F51-4264-8DF2-886910B35197} = {0AB3BF05-4346-4AA6-1389-037BE0695223}
		{177D88D1-6214-4F4B-944F-1174E46A1674} = {0AB3BF05-4346-4AA6-1389-037BE0695223}
		{2432ED79-EA04-4BFC-8F13-59BF9DC10414} = {0AB3BF05-4346-4AA6-1389-037BE0695223}
		{FF958CC3-A995-477F-B4DC-8176624CB8CB} = {0AB3BF05-4346-4AA6-1389-037BE0695223}
		{1DE895ED-A1A0-489A-B955-2173D6616159} = {0AB3BF05-4346-4AA6-1389-037BE0695223}
	EndGlobalSection
EndGlobal
